
Microsoft Visual Studio Solution File, Format Version 12.00
# Visual Studio Version 17
VisualStudioVersion = 17.10.35004.147
MinimumVisualStudioVersion = 10.0.40219.1
Project("{FAE04EC0-301F-11D3-BF4B-00C04F79EFBC}") = "BookshopMVC", "BookshopMVC\BookshopMVC.csproj", "{B87A93F7-4FD8-49EF-8BBC-691B9727790F}"
EndProject
Global
	GlobalSection(SolutionConfigurationPlatforms) = preSolution
		Debug|Any CPU = Debug|Any CPU
		Release|Any CPU = Release|Any CPU
	EndGlobalSection
	GlobalSection(ProjectConfigurationPlatforms) = postSolution
		{B87A93F7-4FD8-49EF-8BBC-691B9727790F}.Debug|Any CPU.ActiveCfg = Debug|Any CPU
		{B87A93F7-4FD8-49EF-8BBC-691B9727790F}.Debug|Any CPU.Build.0 = Debug|Any CPU
		{B87A93F7-4FD8-49EF-8BBC-691B9727790F}.Release|Any CPU.ActiveCfg = Release|Any CPU
		{B87A93F7-4FD8-49EF-8BBC-691B9727790F}.Release|Any CPU.Build.0 = Release|Any CPU
	EndGlobalSection
	GlobalSection(SolutionProperties) = preSolution
		HideSolutionNode = FALSE
	EndGlobalSection
	GlobalSection(ExtensibilityGlobals) = postSolution
		SolutionGuid = {FBAD5407-1055-4739-8923-357F84B81E1B}
	EndGlobalSection
EndGlobal
